
Microsoft Visual Studio Solution File, Format Version 12.00
# Visual Studio Version 17
VisualStudioVersion = 17.5.33530.505
MinimumVisualStudioVersion = 10.0.40219.1
Project("{FAE04EC0-301F-11D3-BF4B-00C04F79EFBC}") = "OnlineFoodOrderingSystem", "OnlineFoodOrderingSystem\OnlineFoodOrderingSystem.csproj", "{58ED0733-434A-445C-8AA0-D51DF77DFCBD}"
EndProject
Global
	GlobalSection(SolutionConfigurationPlatforms) = preSolution
		Debug|Any CPU = Debug|Any CPU
		Release|Any CPU = Release|Any CPU
	EndGlobalSection
	GlobalSection(ProjectConfigurationPlatforms) = postSolution
		{58ED0733-434A-445C-8AA0-D51DF77DFCBD}.Debug|Any CPU.ActiveCfg = Debug|Any CPU
		{58ED0733-434A-445C-8AA0-D51DF77DFCBD}.Debug|Any CPU.Build.0 = Debug|Any CPU
		{58ED0733-434A-445C-8AA0-D51DF77DFCBD}.Release|Any CPU.ActiveCfg = Release|Any CPU
		{58ED0733-434A-445C-8AA0-D51DF77DFCBD}.Release|Any CPU.Build.0 = Release|Any CPU
	EndGlobalSection
	GlobalSection(SolutionProperties) = preSolution
		HideSolutionNode = FALSE
	EndGlobalSection
	GlobalSection(ExtensibilityGlobals) = postSolution
		SolutionGuid = {C499CCE8-FA69-4C00-BC8A-22E3D19CF79B}
	EndGlobalSection
EndGlobal
